// !$*UTF8*$!
{
	archiveVersion = 1;
	classes = {
	};
	objectVersion = 56;
	objects = {

/* Begin PBXBuildFile section */
		A10000000000000000000001 /* WellnessGameApp.swift in Sources */ = {isa = PBXBuildFile; fileRef = B10000000000000000000001 /* WellnessGameApp.swift */; };
		A10000000000000000000002 /* ContentView.swift in Sources */ = {isa = PBXBuildFile; fileRef = B10000000000000000000002 /* ContentView.swift */; };
		A10000000000000000000003 /* DashboardViewModel.swift in Sources */ = {isa = PBXBuildFile; fileRef = B10000000000000000000003 /* DashboardViewModel.swift */; };
		A10000000000000000000004 /* HealthActivityDTO.swift in Sources */ = {isa = PBXBuildFile; fileRef = B10000000000000000000004 /* HealthActivityDTO.swift */; };
		A10000000000000000000005 /* CharacterResponse.swift in Sources */ = {isa = PBXBuildFile; fileRef = B10000000000000000000005 /* CharacterResponse.swift */; };
		A10000000000000000000006 /* HealthDataProvider.swift in Sources */ = {isa = PBXBuildFile; fileRef = B10000000000000000000006 /* HealthDataProvider.swift */; };
		A10000000000000000000007 /* HealthKitManager.swift in Sources */ = {isa = PBXBuildFile; fileRef = B10000000000000000000007 /* HealthKitManager.swift */; };
		A10000000000000000000008 /* AppleHealthKitProvider.swift in Sources */ = {isa = PBXBuildFile; fileRef = B10000000000000000000008 /* AppleHealthKitProvider.swift */; };
		A10000000000000000000009 /* MockHealthDataProvider.swift in Sources */ = {isa = PBXBuildFile; fileRef = B10000000000000000000009 /* MockHealthDataProvider.swift */; };
		A1000000000000000000000A /* NetworkClient.swift in Sources */ = {isa = PBXBuildFile; fileRef = B1000000000000000000000A /* NetworkClient.swift */; };
		A1000000000000000000000B /* HealthKit.framework in Frameworks */ = {isa = PBXBuildFile; fileRef = B1000000000000000000000D /* HealthKit.framework */; };
		A1000000000000000000000C /* UserSession.swift in Sources */ = {isa = PBXBuildFile; fileRef = B1000000000000000000000F /* UserSession.swift */; };
		A1000000000000000000000D /* SocialLoginService.swift in Sources */ = {isa = PBXBuildFile; fileRef = B10000000000000000000010 /* SocialLoginService.swift */; };
		A100000000000000000CA11 /* LoginProviderPolicy.swift in Sources */ = {isa = PBXBuildFile; fileRef = B100000000000000000CB11 /* LoginProviderPolicy.swift */; };
		A100000000000000000CA12 /* SocialSignIn.swift in Sources */ = {isa = PBXBuildFile; fileRef = B100000000000000000CB12 /* SocialSignIn.swift */; };
		A200000000000000000CA11 /* LoginProviderPolicy.swift in Sources */ = {isa = PBXBuildFile; fileRef = B100000000000000000CB11 /* LoginProviderPolicy.swift */; };
		A200000000000000000CA12 /* SocialSignIn.swift in Sources */ = {isa = PBXBuildFile; fileRef = B100000000000000000CB12 /* SocialSignIn.swift */; };
		A200000000000000000CA13 /* SocialLoginTests.swift in Sources */ = {isa = PBXBuildFile; fileRef = B200000000000000000CB13 /* SocialLoginTests.swift */; };
		A100000000000000000CA01 /* CredentialAuthService.swift in Sources */ = {isa = PBXBuildFile; fileRef = B100000000000000000CB01 /* CredentialAuthService.swift */; };
		A1000000000000000000000E /* GoogleSignIn in Frameworks */ = {isa = PBXBuildFile; productRef = H10000000000000000000001 /* GoogleSignIn */; };
		A1000000000000000000000F /* KakaoSDKCommon in Frameworks */ = {isa = PBXBuildFile; productRef = H10000000000000000000002 /* KakaoSDKCommon */; };
		A10000000000000000000010 /* KakaoSDKAuth in Frameworks */ = {isa = PBXBuildFile; productRef = H10000000000000000000003 /* KakaoSDKAuth */; };
		A10000000000000000000011 /* KakaoSDKUser in Frameworks */ = {isa = PBXBuildFile; productRef = H10000000000000000000004 /* KakaoSDKUser */; };
		A10000000000000000000012 /* NidThirdPartyLogin in Frameworks */ = {isa = PBXBuildFile; productRef = H10000000000000000000005 /* NidThirdPartyLogin */; };
		A10000000000000000000013 /* Theme.swift in Sources */ = {isa = PBXBuildFile; fileRef = B10000000000000000000011 /* Theme.swift */; };
		A10000000000000000000014 /* Components.swift in Sources */ = {isa = PBXBuildFile; fileRef = B10000000000000000000012 /* Components.swift */; };
		A10000000000000000000015 /* CharacterAvatarView.swift in Sources */ = {isa = PBXBuildFile; fileRef = B10000000000000000000013 /* CharacterAvatarView.swift */; };
		A10000000000000000000016 /* AutoSyncPolicy.swift in Sources */ = {isa = PBXBuildFile; fileRef = B10000000000000000000014 /* AutoSyncPolicy.swift */; };
		A10000000000000000000017 /* LoginSheetView.swift in Sources */ = {isa = PBXBuildFile; fileRef = B10000000000000000000015 /* LoginSheetView.swift */; };
		A2000000000000000000000A /* AutoSyncPolicy.swift in Sources */ = {isa = PBXBuildFile; fileRef = B10000000000000000000014 /* AutoSyncPolicy.swift */; };
		A20000000000000000000007 /* CharacterAvatarView.swift in Sources */ = {isa = PBXBuildFile; fileRef = B10000000000000000000013 /* CharacterAvatarView.swift */; };
		A20000000000000000000001 /* DisplayLogicTests.swift in Sources */ = {isa = PBXBuildFile; fileRef = B20000000000000000000001 /* DisplayLogicTests.swift */; };
		A20000000000000000000002 /* ThemeColorTests.swift in Sources */ = {isa = PBXBuildFile; fileRef = B20000000000000000000002 /* ThemeColorTests.swift */; };
		A20000000000000000000008 /* GrowthStageTests.swift in Sources */ = {isa = PBXBuildFile; fileRef = B20000000000000000000004 /* GrowthStageTests.swift */; };
		A20000000000000000000009 /* AutoSyncPolicyTests.swift in Sources */ = {isa = PBXBuildFile; fileRef = B20000000000000000000005 /* AutoSyncPolicyTests.swift */; };
		A20000000000000000000003 /* Theme.swift in Sources */ = {isa = PBXBuildFile; fileRef = B10000000000000000000011 /* Theme.swift */; };
		A20000000000000000000004 /* Components.swift in Sources */ = {isa = PBXBuildFile; fileRef = B10000000000000000000012 /* Components.swift */; };
		A20000000000000000000005 /* HealthActivityDTO.swift in Sources */ = {isa = PBXBuildFile; fileRef = B10000000000000000000004 /* HealthActivityDTO.swift */; };
		A20000000000000000000006 /* CharacterResponse.swift in Sources */ = {isa = PBXBuildFile; fileRef = B10000000000000000000005 /* CharacterResponse.swift */; };
		A100000000000000000CA02 /* KeychainTokenStore.swift in Sources */ = {isa = PBXBuildFile; fileRef = B100000000000000000CB02 /* KeychainTokenStore.swift */; };
		A2000000000000000000000B /* NetworkClient.swift in Sources */ = {isa = PBXBuildFile; fileRef = B1000000000000000000000A /* NetworkClient.swift */; };
		A2000000000000000000000C /* KeychainTokenStore.swift in Sources */ = {isa = PBXBuildFile; fileRef = B100000000000000000CB02 /* KeychainTokenStore.swift */; };
		A2000000000000000000000D /* UserSession.swift in Sources */ = {isa = PBXBuildFile; fileRef = B1000000000000000000000F /* UserSession.swift */; };
		A2000000000000000000000E /* CredentialAuthService.swift in Sources */ = {isa = PBXBuildFile; fileRef = B100000000000000000CB01 /* CredentialAuthService.swift */; };
		A2000000000000000000000F /* DashboardViewModel.swift in Sources */ = {isa = PBXBuildFile; fileRef = B10000000000000000000003 /* DashboardViewModel.swift */; };
		A20000000000000000000010 /* HealthDataProvider.swift in Sources */ = {isa = PBXBuildFile; fileRef = B10000000000000000000006 /* HealthDataProvider.swift */; };
		A20000000000000000000011 /* MockHealthDataProvider.swift in Sources */ = {isa = PBXBuildFile; fileRef = B10000000000000000000009 /* MockHealthDataProvider.swift */; };
		A20000000000000000000012 /* AppleHealthKitProvider.swift in Sources */ = {isa = PBXBuildFile; fileRef = B10000000000000000000008 /* AppleHealthKitProvider.swift */; };
		A20000000000000000000013 /* HealthKitManager.swift in Sources */ = {isa = PBXBuildFile; fileRef = B10000000000000000000007 /* HealthKitManager.swift */; };
		A20000000000000000000014 /* AuthNetworkingTests.swift in Sources */ = {isa = PBXBuildFile; fileRef = B20000000000000000000006 /* AuthNetworkingTests.swift */; };
		A100000000000000000CA03 /* Localizable.xcstrings in Resources */ = {isa = PBXBuildFile; fileRef = B100000000000000000CB03 /* Localizable.xcstrings */; };
		A100000000000000000CA04 /* InfoPlist.xcstrings in Resources */ = {isa = PBXBuildFile; fileRef = B100000000000000000CB04 /* InfoPlist.xcstrings */; };
		A200000000000000000CA05 /* Localizable.xcstrings in Resources */ = {isa = PBXBuildFile; fileRef = B100000000000000000CB03 /* Localizable.xcstrings */; };
		A20000000000000000000015 /* LocalizationTests.swift in Sources */ = {isa = PBXBuildFile; fileRef = B20000000000000000000007 /* LocalizationTests.swift */; };
		7B0000000000000000000029 /* GrowthStage.swift in Sources */ = {isa = PBXBuildFile; fileRef = 7F0000000000000000000004 /* GrowthStage.swift */; };
		7B000000000000000000002A /* ThemePalette.swift in Sources */ = {isa = PBXBuildFile; fileRef = 7F0000000000000000000005 /* ThemePalette.swift */; };
		7B000000000000000000002B /* AppLanguage.swift in Sources */ = {isa = PBXBuildFile; fileRef = 7F0000000000000000000006 /* AppLanguage.swift */; };
		7B000000000000000000002C /* ServerEnvironment.swift in Sources */ = {isa = PBXBuildFile; fileRef = 7F0000000000000000000007 /* ServerEnvironment.swift */; };
		7B000000000000000000002D /* WatchAuthContext.swift in Sources */ = {isa = PBXBuildFile; fileRef = 7F0000000000000000000008 /* WatchAuthContext.swift */; };
		7B000000000000000000002E /* LevelProgress.swift in Sources */ = {isa = PBXBuildFile; fileRef = 7F0000000000000000000003 /* LevelProgress.swift */; };
		7B000000000000000000002F /* WatchAuthRelay.swift in Sources */ = {isa = PBXBuildFile; fileRef = 7F0000000000000000000009 /* WatchAuthRelay.swift */; };
		7B0000000000000000000030 /* Shared.xcstrings in Resources */ = {isa = PBXBuildFile; fileRef = 7F0000000000000000000014 /* Shared.xcstrings */; };
		7B0000000000000000000031 /* GrowthStage.swift in Sources */ = {isa = PBXBuildFile; fileRef = 7F0000000000000000000004 /* GrowthStage.swift */; };
		7B0000000000000000000032 /* ThemePalette.swift in Sources */ = {isa = PBXBuildFile; fileRef = 7F0000000000000000000005 /* ThemePalette.swift */; };
		7B0000000000000000000033 /* AppLanguage.swift in Sources */ = {isa = PBXBuildFile; fileRef = 7F0000000000000000000006 /* AppLanguage.swift */; };
		7B0000000000000000000034 /* ServerEnvironment.swift in Sources */ = {isa = PBXBuildFile; fileRef = 7F0000000000000000000007 /* ServerEnvironment.swift */; };
		7B0000000000000000000035 /* WatchAuthContext.swift in Sources */ = {isa = PBXBuildFile; fileRef = 7F0000000000000000000008 /* WatchAuthContext.swift */; };
		7B0000000000000000000036 /* LevelProgress.swift in Sources */ = {isa = PBXBuildFile; fileRef = 7F0000000000000000000003 /* LevelProgress.swift */; };
		7B0000000000000000000037 /* WatchAuthRelay.swift in Sources */ = {isa = PBXBuildFile; fileRef = 7F0000000000000000000009 /* WatchAuthRelay.swift */; };
		7B0000000000000000000038 /* CharacterSummaryResponse.swift in Sources */ = {isa = PBXBuildFile; fileRef = 7F0000000000000000000001 /* CharacterSummaryResponse.swift */; };
		7B0000000000000000000039 /* CharacterSnapshot.swift in Sources */ = {isa = PBXBuildFile; fileRef = 7F0000000000000000000002 /* CharacterSnapshot.swift */; };
		7B000000000000000000003A /* WatchCredentialStore.swift in Sources */ = {isa = PBXBuildFile; fileRef = 7F000000000000000000000B /* WatchCredentialStore.swift */; };
		7B000000000000000000003B /* WatchAPIClient.swift in Sources */ = {isa = PBXBuildFile; fileRef = 7F000000000000000000000C /* WatchAPIClient.swift */; };
		7B000000000000000000003C /* WatchConnectivityTests.swift in Sources */ = {isa = PBXBuildFile; fileRef = 7F0000000000000000000012 /* WatchConnectivityTests.swift */; };
		7B000000000000000000003D /* WatchCompanionTests.swift in Sources */ = {isa = PBXBuildFile; fileRef = 7F0000000000000000000013 /* WatchCompanionTests.swift */; };
		7B000000000000000000003E /* Shared.xcstrings in Resources */ = {isa = PBXBuildFile; fileRef = 7F0000000000000000000014 /* Shared.xcstrings */; };
		7B000000000000000000003F /* WellnessGameWatchApp.swift in Sources */ = {isa = PBXBuildFile; fileRef = 7F000000000000000000000A /* WellnessGameWatchApp.swift */; };
		7B0000000000000000000040 /* WatchCredentialStore.swift in Sources */ = {isa = PBXBuildFile; fileRef = 7F000000000000000000000B /* WatchCredentialStore.swift */; };
		7B0000000000000000000041 /* WatchAPIClient.swift in Sources */ = {isa = PBXBuildFile; fileRef = 7F000000000000000000000C /* WatchAPIClient.swift */; };
		7B0000000000000000000042 /* WatchAuthReceiver.swift in Sources */ = {isa = PBXBuildFile; fileRef = 7F000000000000000000000D /* WatchAuthReceiver.swift */; };
		7B0000000000000000000043 /* WatchDashboardModel.swift in Sources */ = {isa = PBXBuildFile; fileRef = 7F000000000000000000000E /* WatchDashboardModel.swift */; };
		7B0000000000000000000044 /* WatchContentView.swift in Sources */ = {isa = PBXBuildFile; fileRef = 7F000000000000000000000F /* WatchContentView.swift */; };
		7B0000000000000000000045 /* WatchTheme.swift in Sources */ = {isa = PBXBuildFile; fileRef = 7F0000000000000000000010 /* WatchTheme.swift */; };
		7B0000000000000000000046 /* CharacterResponse.swift in Sources */ = {isa = PBXBuildFile; fileRef = B10000000000000000000005 /* CharacterResponse.swift */; };
		7B0000000000000000000047 /* CharacterSummaryResponse.swift in Sources */ = {isa = PBXBuildFile; fileRef = 7F0000000000000000000001 /* CharacterSummaryResponse.swift */; };
		7B0000000000000000000048 /* CharacterSnapshot.swift in Sources */ = {isa = PBXBuildFile; fileRef = 7F0000000000000000000002 /* CharacterSnapshot.swift */; };
		7B0000000000000000000049 /* LevelProgress.swift in Sources */ = {isa = PBXBuildFile; fileRef = 7F0000000000000000000003 /* LevelProgress.swift */; };
		7B000000000000000000004A /* GrowthStage.swift in Sources */ = {isa = PBXBuildFile; fileRef = 7F0000000000000000000004 /* GrowthStage.swift */; };
		7B000000000000000000004B /* CharacterAvatarView.swift in Sources */ = {isa = PBXBuildFile; fileRef = B10000000000000000000013 /* CharacterAvatarView.swift */; };
		7B000000000000000000004C /* ThemePalette.swift in Sources */ = {isa = PBXBuildFile; fileRef = 7F0000000000000000000005 /* ThemePalette.swift */; };
		7B000000000000000000004D /* AppLanguage.swift in Sources */ = {isa = PBXBuildFile; fileRef = 7F0000000000000000000006 /* AppLanguage.swift */; };
		7B000000000000000000004E /* ServerEnvironment.swift in Sources */ = {isa = PBXBuildFile; fileRef = 7F0000000000000000000007 /* ServerEnvironment.swift */; };
		7B000000000000000000004F /* WatchAuthContext.swift in Sources */ = {isa = PBXBuildFile; fileRef = 7F0000000000000000000008 /* WatchAuthContext.swift */; };
		7B0000000000000000000050 /* KeychainTokenStore.swift in Sources */ = {isa = PBXBuildFile; fileRef = B100000000000000000CB02 /* KeychainTokenStore.swift */; };
		7B0000000000000000000051 /* Localizable.xcstrings in Resources */ = {isa = PBXBuildFile; fileRef = 7F0000000000000000000015 /* Localizable.xcstrings */; };
		7B0000000000000000000052 /* Shared.xcstrings in Resources */ = {isa = PBXBuildFile; fileRef = 7F0000000000000000000014 /* Shared.xcstrings */; };
		7B0000000000000000000053 /* WellnessGameWatchWidgets.swift in Sources */ = {isa = PBXBuildFile; fileRef = 7F0000000000000000000011 /* WellnessGameWatchWidgets.swift */; };
		7B0000000000000000000054 /* CharacterSnapshot.swift in Sources */ = {isa = PBXBuildFile; fileRef = 7F0000000000000000000002 /* CharacterSnapshot.swift */; };
		7B0000000000000000000055 /* LevelProgress.swift in Sources */ = {isa = PBXBuildFile; fileRef = 7F0000000000000000000003 /* LevelProgress.swift */; };
		7B0000000000000000000056 /* GrowthStage.swift in Sources */ = {isa = PBXBuildFile; fileRef = 7F0000000000000000000004 /* GrowthStage.swift */; };
		7B0000000000000000000057 /* ThemePalette.swift in Sources */ = {isa = PBXBuildFile; fileRef = 7F0000000000000000000005 /* ThemePalette.swift */; };
		7B0000000000000000000058 /* Localizable.xcstrings in Resources */ = {isa = PBXBuildFile; fileRef = 7F0000000000000000000016 /* Localizable.xcstrings */; };
		7B0000000000000000000059 /* Shared.xcstrings in Resources */ = {isa = PBXBuildFile; fileRef = 7F0000000000000000000014 /* Shared.xcstrings */; };
		7B000000000000000000005A /* WellnessGameWatchWidgets.appex in Embed Foundation Extensions */ = {isa = PBXBuildFile; fileRef = 7F000000000000000000001C /* WellnessGameWatchWidgets.appex */; settings = {ATTRIBUTES = (RemoveHeadersOnCopy, ); }; };
		7B000000000000000000005B /* WellnessGameWatch.app in Embed Watch Content */ = {isa = PBXBuildFile; fileRef = 7F000000000000000000001B /* WellnessGameWatch.app */; settings = {ATTRIBUTES = (RemoveHeadersOnCopy, ); }; };
		6B0000000000000000000502 /* WatchAppDelegate.swift in Sources */ = {isa = PBXBuildFile; fileRef = 6F0000000000000000000501 /* WatchAppDelegate.swift */; };
		6B0000000000000000000504 /* LevelTimeline.swift in Sources */ = {isa = PBXBuildFile; fileRef = 6F0000000000000000000503 /* LevelTimeline.swift */; };
		6B0000000000000000000505 /* LevelTimeline.swift in Sources */ = {isa = PBXBuildFile; fileRef = 6F0000000000000000000503 /* LevelTimeline.swift */; };
		6B0000000000000000000507 /* SharedConfigurationTests.swift in Sources */ = {isa = PBXBuildFile; fileRef = 6F0000000000000000000506 /* SharedConfigurationTests.swift */; };
		6B0000000000000000000509 /* WatchDashboardModelTests.swift in Sources */ = {isa = PBXBuildFile; fileRef = 6F0000000000000000000508 /* WatchDashboardModelTests.swift */; };
		6B000000000000000000050A /* WatchDashboardModel.swift in Sources */ = {isa = PBXBuildFile; fileRef = 7F000000000000000000000E /* WatchDashboardModel.swift */; };
/* End PBXBuildFile section */

/* Begin PBXContainerItemProxy section */
		7C0000000000000000000064 /* PBXContainerItemProxy */ = {
			isa = PBXContainerItemProxy;
			containerPortal = E10000000000000000000002 /* Project object */;
			proxyType = 1;
			remoteGlobalIDString = 7E000000000000000000001D;
			remoteInfo = WellnessGameWatch;
		};
		7C0000000000000000000065 /* PBXContainerItemProxy */ = {
			isa = PBXContainerItemProxy;
			containerPortal = E10000000000000000000002 /* Project object */;
			proxyType = 1;
			remoteGlobalIDString = 7E0000000000000000000023;
			remoteInfo = WellnessGameWatchWidgets;
		};
/* End PBXContainerItemProxy section */

/* Begin PBXCopyFilesBuildPhase section */
		7E0000000000000000000028 /* Embed Watch Content */ = {
			isa = PBXCopyFilesBuildPhase;
			buildActionMask = 2147483647;
			dstPath = "$(CONTENTS_FOLDER_PATH)/Watch";
			dstSubfolderSpec = 16;
			files = (
				7B000000000000000000005B /* WellnessGameWatch.app in Embed Watch Content */,
			);
			name = "Embed Watch Content";
			runOnlyForDeploymentPostprocessing = 0;
		};
		7E0000000000000000000021 /* Embed Foundation Extensions */ = {
			isa = PBXCopyFilesBuildPhase;
			buildActionMask = 2147483647;
			dstPath = "";
			dstSubfolderSpec = 13;
			files = (
				7B000000000000000000005A /* WellnessGameWatchWidgets.appex in Embed Foundation Extensions */,
			);
			name = "Embed Foundation Extensions";
			runOnlyForDeploymentPostprocessing = 0;
		};
/* End PBXCopyFilesBuildPhase section */

/* Begin PBXFileReference section */
		B10000000000000000000001 /* WellnessGameApp.swift */ = {isa = PBXFileReference; lastKnownFileType = sourcecode.swift; path = WellnessGameApp.swift; sourceTree = "<group>"; };
		B10000000000000000000002 /* ContentView.swift */ = {isa = PBXFileReference; lastKnownFileType = sourcecode.swift; path = ContentView.swift; sourceTree = "<group>"; };
		B10000000000000000000003 /* DashboardViewModel.swift */ = {isa = PBXFileReference; lastKnownFileType = sourcecode.swift; path = DashboardViewModel.swift; sourceTree = "<group>"; };
		B10000000000000000000004 /* HealthActivityDTO.swift */ = {isa = PBXFileReference; lastKnownFileType = sourcecode.swift; path = HealthActivityDTO.swift; sourceTree = "<group>"; };
		B10000000000000000000005 /* CharacterResponse.swift */ = {isa = PBXFileReference; lastKnownFileType = sourcecode.swift; path = CharacterResponse.swift; sourceTree = "<group>"; };
		B10000000000000000000006 /* HealthDataProvider.swift */ = {isa = PBXFileReference; lastKnownFileType = sourcecode.swift; path = HealthDataProvider.swift; sourceTree = "<group>"; };
		B10000000000000000000007 /* HealthKitManager.swift */ = {isa = PBXFileReference; lastKnownFileType = sourcecode.swift; path = HealthKitManager.swift; sourceTree = "<group>"; };
		B10000000000000000000008 /* AppleHealthKitProvider.swift */ = {isa = PBXFileReference; lastKnownFileType = sourcecode.swift; path = AppleHealthKitProvider.swift; sourceTree = "<group>"; };
		B10000000000000000000009 /* MockHealthDataProvider.swift */ = {isa = PBXFileReference; lastKnownFileType = sourcecode.swift; path = MockHealthDataProvider.swift; sourceTree = "<group>"; };
		B1000000000000000000000A /* NetworkClient.swift */ = {isa = PBXFileReference; lastKnownFileType = sourcecode.swift; path = NetworkClient.swift; sourceTree = "<group>"; };
		B1000000000000000000000B /* Info.plist */ = {isa = PBXFileReference; lastKnownFileType = text.plist.xml; path = Info.plist; sourceTree = "<group>"; };
		B1000000000000000000000C /* WellnessGame.entitlements */ = {isa = PBXFileReference; lastKnownFileType = text.plist.entitlements; path = WellnessGame.entitlements; sourceTree = "<group>"; };
		B1000000000000000000000D /* HealthKit.framework */ = {isa = PBXFileReference; lastKnownFileType = wrapper.framework; name = HealthKit.framework; path = System/Library/Frameworks/HealthKit.framework; sourceTree = SDKROOT; };
		B1000000000000000000000E /* WellnessGame.app */ = {isa = PBXFileReference; explicitFileType = wrapper.application; includeInIndex = 0; path = WellnessGame.app; sourceTree = BUILT_PRODUCTS_DIR; };
		B1000000000000000000000F /* UserSession.swift */ = {isa = PBXFileReference; lastKnownFileType = sourcecode.swift; path = UserSession.swift; sourceTree = "<group>"; };
		B10000000000000000000010 /* SocialLoginService.swift */ = {isa = PBXFileReference; lastKnownFileType = sourcecode.swift; path = SocialLoginService.swift; sourceTree = "<group>"; };
		B100000000000000000CB11 /* LoginProviderPolicy.swift */ = {isa = PBXFileReference; lastKnownFileType = sourcecode.swift; path = LoginProviderPolicy.swift; sourceTree = "<group>"; };
		B100000000000000000CB12 /* SocialSignIn.swift */ = {isa = PBXFileReference; lastKnownFileType = sourcecode.swift; path = SocialSignIn.swift; sourceTree = "<group>"; };
		B200000000000000000CB13 /* SocialLoginTests.swift */ = {isa = PBXFileReference; lastKnownFileType = sourcecode.swift; path = SocialLoginTests.swift; sourceTree = "<group>"; };
		B100000000000000000CB01 /* CredentialAuthService.swift */ = {isa = PBXFileReference; lastKnownFileType = sourcecode.swift; path = CredentialAuthService.swift; sourceTree = "<group>"; };
		B10000000000000000000011 /* Theme.swift */ = {isa = PBXFileReference; lastKnownFileType = sourcecode.swift; path = Theme.swift; sourceTree = "<group>"; };
		B10000000000000000000012 /* Components.swift */ = {isa = PBXFileReference; lastKnownFileType = sourcecode.swift; path = Components.swift; sourceTree = "<group>"; };
		B10000000000000000000013 /* CharacterAvatarView.swift */ = {isa = PBXFileReference; lastKnownFileType = sourcecode.swift; path = CharacterAvatarView.swift; sourceTree = "<group>"; };
		B10000000000000000000014 /* AutoSyncPolicy.swift */ = {isa = PBXFileReference; lastKnownFileType = sourcecode.swift; path = AutoSyncPolicy.swift; sourceTree = "<group>"; };
		B10000000000000000000015 /* LoginSheetView.swift */ = {isa = PBXFileReference; lastKnownFileType = sourcecode.swift; path = LoginSheetView.swift; sourceTree = "<group>"; };
		B20000000000000000000001 /* DisplayLogicTests.swift */ = {isa = PBXFileReference; lastKnownFileType = sourcecode.swift; path = DisplayLogicTests.swift; sourceTree = "<group>"; };
		B20000000000000000000002 /* ThemeColorTests.swift */ = {isa = PBXFileReference; lastKnownFileType = sourcecode.swift; path = ThemeColorTests.swift; sourceTree = "<group>"; };
		B20000000000000000000004 /* GrowthStageTests.swift */ = {isa = PBXFileReference; lastKnownFileType = sourcecode.swift; path = GrowthStageTests.swift; sourceTree = "<group>"; };
		B20000000000000000000005 /* AutoSyncPolicyTests.swift */ = {isa = PBXFileReference; lastKnownFileType = sourcecode.swift; path = AutoSyncPolicyTests.swift; sourceTree = "<group>"; };
		B20000000000000000000003 /* WellnessGameTests.xctest */ = {isa = PBXFileReference; explicitFileType = wrapper.cfbundle; includeInIndex = 0; path = WellnessGameTests.xctest; sourceTree = BUILT_PRODUCTS_DIR; };
		B100000000000000000CB02 /* KeychainTokenStore.swift */ = {isa = PBXFileReference; lastKnownFileType = sourcecode.swift; path = KeychainTokenStore.swift; sourceTree = "<group>"; };
		B20000000000000000000006 /* AuthNetworkingTests.swift */ = {isa = PBXFileReference; lastKnownFileType = sourcecode.swift; path = AuthNetworkingTests.swift; sourceTree = "<group>"; };
		B100000000000000000CB03 /* Localizable.xcstrings */ = {isa = PBXFileReference; lastKnownFileType = text.json.xcstrings; path = Localizable.xcstrings; sourceTree = "<group>"; };
		B100000000000000000CB04 /* InfoPlist.xcstrings */ = {isa = PBXFileReference; lastKnownFileType = text.json.xcstrings; path = InfoPlist.xcstrings; sourceTree = "<group>"; };
		B20000000000000000000007 /* LocalizationTests.swift */ = {isa = PBXFileReference; lastKnownFileType = sourcecode.swift; path = LocalizationTests.swift; sourceTree = "<group>"; };
		7F0000000000000000000001 /* CharacterSummaryResponse.swift */ = {isa = PBXFileReference; lastKnownFileType = sourcecode.swift; path = CharacterSummaryResponse.swift; sourceTree = "<group>"; };
		7F0000000000000000000002 /* CharacterSnapshot.swift */ = {isa = PBXFileReference; lastKnownFileType = sourcecode.swift; path = CharacterSnapshot.swift; sourceTree = "<group>"; };
		7F0000000000000000000003 /* LevelProgress.swift */ = {isa = PBXFileReference; lastKnownFileType = sourcecode.swift; path = LevelProgress.swift; sourceTree = "<group>"; };
		7F0000000000000000000004 /* GrowthStage.swift */ = {isa = PBXFileReference; lastKnownFileType = sourcecode.swift; path = GrowthStage.swift; sourceTree = "<group>"; };
		7F0000000000000000000005 /* ThemePalette.swift */ = {isa = PBXFileReference; lastKnownFileType = sourcecode.swift; path = ThemePalette.swift; sourceTree = "<group>"; };
		7F0000000000000000000006 /* AppLanguage.swift */ = {isa = PBXFileReference; lastKnownFileType = sourcecode.swift; path = AppLanguage.swift; sourceTree = "<group>"; };
		7F0000000000000000000007 /* ServerEnvironment.swift */ = {isa = PBXFileReference; lastKnownFileType = sourcecode.swift; path = ServerEnvironment.swift; sourceTree = "<group>"; };
		7F0000000000000000000008 /* WatchAuthContext.swift */ = {isa = PBXFileReference; lastKnownFileType = sourcecode.swift; path = WatchAuthContext.swift; sourceTree = "<group>"; };
		7F0000000000000000000009 /* WatchAuthRelay.swift */ = {isa = PBXFileReference; lastKnownFileType = sourcecode.swift; path = WatchAuthRelay.swift; sourceTree = "<group>"; };
		7F000000000000000000000A /* WellnessGameWatchApp.swift */ = {isa = PBXFileReference; lastKnownFileType = sourcecode.swift; path = WellnessGameWatchApp.swift; sourceTree = "<group>"; };
		7F000000000000000000000B /* WatchCredentialStore.swift */ = {isa = PBXFileReference; lastKnownFileType = sourcecode.swift; path = WatchCredentialStore.swift; sourceTree = "<group>"; };
		7F000000000000000000000C /* WatchAPIClient.swift */ = {isa = PBXFileReference; lastKnownFileType = sourcecode.swift; path = WatchAPIClient.swift; sourceTree = "<group>"; };
		7F000000000000000000000D /* WatchAuthReceiver.swift */ = {isa = PBXFileReference; lastKnownFileType = sourcecode.swift; path = WatchAuthReceiver.swift; sourceTree = "<group>"; };
		7F000000000000000000000E /* WatchDashboardModel.swift */ = {isa = PBXFileReference; lastKnownFileType = sourcecode.swift; path = WatchDashboardModel.swift; sourceTree = "<group>"; };
		7F000000000000000000000F /* WatchContentView.swift */ = {isa = PBXFileReference; lastKnownFileType = sourcecode.swift; path = WatchContentView.swift; sourceTree = "<group>"; };
		7F0000000000000000000010 /* WatchTheme.swift */ = {isa = PBXFileReference; lastKnownFileType = sourcecode.swift; path = WatchTheme.swift; sourceTree = "<group>"; };
		7F0000000000000000000011 /* WellnessGameWatchWidgets.swift */ = {isa = PBXFileReference; lastKnownFileType = sourcecode.swift; path = WellnessGameWatchWidgets.swift; sourceTree = "<group>"; };
		7F0000000000000000000012 /* WatchConnectivityTests.swift */ = {isa = PBXFileReference; lastKnownFileType = sourcecode.swift; path = WatchConnectivityTests.swift; sourceTree = "<group>"; };
		7F0000000000000000000013 /* WatchCompanionTests.swift */ = {isa = PBXFileReference; lastKnownFileType = sourcecode.swift; path = WatchCompanionTests.swift; sourceTree = "<group>"; };
		7F0000000000000000000014 /* Shared.xcstrings */ = {isa = PBXFileReference; lastKnownFileType = text.json.xcstrings; path = Shared.xcstrings; sourceTree = "<group>"; };
		7F0000000000000000000015 /* Localizable.xcstrings */ = {isa = PBXFileReference; lastKnownFileType = text.json.xcstrings; path = Localizable.xcstrings; sourceTree = "<group>"; };
		7F0000000000000000000016 /* Localizable.xcstrings */ = {isa = PBXFileReference; lastKnownFileType = text.json.xcstrings; path = Localizable.xcstrings; sourceTree = "<group>"; };
		7F0000000000000000000017 /* Info.plist */ = {isa = PBXFileReference; lastKnownFileType = text.plist.xml; path = Info.plist; sourceTree = "<group>"; };
		7F0000000000000000000018 /* Info.plist */ = {isa = PBXFileReference; lastKnownFileType = text.plist.xml; path = Info.plist; sourceTree = "<group>"; };
		7F0000000000000000000019 /* WellnessGameWatch.entitlements */ = {isa = PBXFileReference; lastKnownFileType = text.plist.entitlements; path = WellnessGameWatch.entitlements; sourceTree = "<group>"; };
		7F000000000000000000001A /* WellnessGameWatchWidgets.entitlements */ = {isa = PBXFileReference; lastKnownFileType = text.plist.entitlements; path = WellnessGameWatchWidgets.entitlements; sourceTree = "<group>"; };
		7F000000000000000000001B /* WellnessGameWatch.app */ = {isa = PBXFileReference; explicitFileType = wrapper.application; includeInIndex = 0; path = WellnessGameWatch.app; sourceTree = BUILT_PRODUCTS_DIR; };
		7F000000000000000000001C /* WellnessGameWatchWidgets.appex */ = {isa = PBXFileReference; explicitFileType = "wrapper.app-extension"; includeInIndex = 0; path = WellnessGameWatchWidgets.appex; sourceTree = BUILT_PRODUCTS_DIR; };
		6F0000000000000000000501 /* WatchAppDelegate.swift */ = {isa = PBXFileReference; lastKnownFileType = sourcecode.swift; path = WatchAppDelegate.swift; sourceTree = "<group>"; };
		6F0000000000000000000503 /* LevelTimeline.swift */ = {isa = PBXFileReference; lastKnownFileType = sourcecode.swift; path = LevelTimeline.swift; sourceTree = "<group>"; };
		6F0000000000000000000506 /* SharedConfigurationTests.swift */ = {isa = PBXFileReference; lastKnownFileType = sourcecode.swift; path = SharedConfigurationTests.swift; sourceTree = "<group>"; };
		6F0000000000000000000508 /* WatchDashboardModelTests.swift */ = {isa = PBXFileReference; lastKnownFileType = sourcecode.swift; path = WatchDashboardModelTests.swift; sourceTree = "<group>"; };
		6F0000000000000000000601 /* Info-Debug.plist */ = {isa = PBXFileReference; lastKnownFileType = text.plist.xml; path = "Info-Debug.plist"; sourceTree = "<group>"; };
		6F0000000000000000000602 /* Info-Debug.plist */ = {isa = PBXFileReference; lastKnownFileType = text.plist.xml; path = "Info-Debug.plist"; sourceTree = "<group>"; };
/* End PBXFileReference section */

/* Begin PBXFrameworksBuildPhase section */
		C10000000000000000000001 /* Frameworks */ = {
			isa = PBXFrameworksBuildPhase;
			buildActionMask = 2147483647;
			files = (
				A1000000000000000000000B /* HealthKit.framework in Frameworks */,
				A1000000000000000000000E /* GoogleSignIn in Frameworks */,
				A1000000000000000000000F /* KakaoSDKCommon in Frameworks */,
				A10000000000000000000010 /* KakaoSDKAuth in Frameworks */,
				A10000000000000000000011 /* KakaoSDKUser in Frameworks */,
				A10000000000000000000012 /* NidThirdPartyLogin in Frameworks */,
			);
			runOnlyForDeploymentPostprocessing = 0;
		};
		C20000000000000000000002 /* Frameworks */ = {
			isa = PBXFrameworksBuildPhase;
			buildActionMask = 2147483647;
			files = (
			);
			runOnlyForDeploymentPostprocessing = 0;
		};
		7E0000000000000000000020 /* Frameworks */ = {
			isa = PBXFrameworksBuildPhase;
			buildActionMask = 2147483647;
			files = (
			);
			runOnlyForDeploymentPostprocessing = 0;
		};
		7E0000000000000000000026 /* Frameworks */ = {
			isa = PBXFrameworksBuildPhase;
			buildActionMask = 2147483647;
			files = (
			);
			runOnlyForDeploymentPostprocessing = 0;
		};
/* End PBXFrameworksBuildPhase section */

/* Begin PBXGroup section */
		D10000000000000000000001 = {
			isa = PBXGroup;
			children = (
				D10000000000000000000002 /* WellnessGame */,
				D20000000000000000000001 /* WellnessGameTests */,
				D10000000000000000000008 /* Frameworks */,
				D10000000000000000000009 /* Products */,
							7D000000000000000000005C /* Shared */,
				7D000000000000000000005F /* WellnessGameWatch */,
				7D0000000000000000000063 /* WellnessGameWatchWidgets */,
);
			sourceTree = "<group>";
		};
		D10000000000000000000002 /* WellnessGame */ = {
			isa = PBXGroup;
			children = (
				B10000000000000000000001 /* WellnessGameApp.swift */,
				D1000000000000000000000B /* Authentication */,
				D10000000000000000000003 /* Models */,
				D10000000000000000000004 /* Health */,
				D10000000000000000000005 /* Networking */,
				D10000000000000000000006 /* ViewModels */,
				D10000000000000000000007 /* Views */,
				D1000000000000000000000A /* Resources */,
			);
			path = WellnessGame;
			sourceTree = "<group>";
		};
		D10000000000000000000003 /* Models */ = {
			isa = PBXGroup;
			children = (
				B10000000000000000000004 /* HealthActivityDTO.swift */,
			);
			path = Models;
			sourceTree = "<group>";
		};
		D10000000000000000000004 /* Health */ = {
			isa = PBXGroup;
			children = (
				B10000000000000000000006 /* HealthDataProvider.swift */,
				B10000000000000000000007 /* HealthKitManager.swift */,
				B10000000000000000000008 /* AppleHealthKitProvider.swift */,
				B10000000000000000000009 /* MockHealthDataProvider.swift */,
			);
			path = Health;
			sourceTree = "<group>";
		};
		D10000000000000000000005 /* Networking */ = {
			isa = PBXGroup;
			children = (
				B1000000000000000000000A /* NetworkClient.swift */,
			);
			path = Networking;
			sourceTree = "<group>";
		};
		D10000000000000000000006 /* ViewModels */ = {
			isa = PBXGroup;
			children = (
				B10000000000000000000003 /* DashboardViewModel.swift */,
				B10000000000000000000014 /* AutoSyncPolicy.swift */,
			);
			path = ViewModels;
			sourceTree = "<group>";
		};
		D10000000000000000000007 /* Views */ = {
			isa = PBXGroup;
			children = (
				B10000000000000000000002 /* ContentView.swift */,
				B10000000000000000000011 /* Theme.swift */,
				B10000000000000000000012 /* Components.swift */,
				B10000000000000000000015 /* LoginSheetView.swift */,
			);
			path = Views;
			sourceTree = "<group>";
		};
		D10000000000000000000008 /* Frameworks */ = {
			isa = PBXGroup;
			children = (
				B1000000000000000000000D /* HealthKit.framework */,
			);
			name = Frameworks;
			sourceTree = "<group>";
		};
		D10000000000000000000009 /* Products */ = {
			isa = PBXGroup;
			children = (
				B1000000000000000000000E /* WellnessGame.app */,
				B20000000000000000000003 /* WellnessGameTests.xctest */,
							7F000000000000000000001B /* WellnessGameWatch.app */,
				7F000000000000000000001C /* WellnessGameWatchWidgets.appex */,
);
			name = Products;
			sourceTree = "<group>";
		};
		D20000000000000000000001 /* WellnessGameTests */ = {
			isa = PBXGroup;
			children = (
				B20000000000000000000001 /* DisplayLogicTests.swift */,
				B20000000000000000000002 /* ThemeColorTests.swift */,
				B20000000000000000000004 /* GrowthStageTests.swift */,
				B20000000000000000000005 /* AutoSyncPolicyTests.swift */,
				B20000000000000000000006 /* AuthNetworkingTests.swift */,
				B20000000000000000000007 /* LocalizationTests.swift */,
				B200000000000000000CB13 /* SocialLoginTests.swift */,
							7F0000000000000000000012 /* WatchConnectivityTests.swift */,
				7F0000000000000000000013 /* WatchCompanionTests.swift */,
				6F0000000000000000000506 /* SharedConfigurationTests.swift */,
				6F0000000000000000000508 /* WatchDashboardModelTests.swift */,
);
			path = WellnessGameTests;
			sourceTree = "<group>";
		};
		D1000000000000000000000A /* Resources */ = {
			isa = PBXGroup;
			children = (
				B1000000000000000000000B /* Info.plist */,
				B1000000000000000000000C /* WellnessGame.entitlements */,
				B100000000000000000CB03 /* Localizable.xcstrings */,
				B100000000000000000CB04 /* InfoPlist.xcstrings */,
							6F0000000000000000000601 /* Info-Debug.plist */,
);
			path = Resources;
			sourceTree = "<group>";
		};
		D1000000000000000000000B /* Authentication */ = {
			isa = PBXGroup;
			children = (
				B1000000000000000000000F /* UserSession.swift */,
				B10000000000000000000010 /* SocialLoginService.swift */,
				B100000000000000000CB01 /* CredentialAuthService.swift */,
				B100000000000000000CB11 /* LoginProviderPolicy.swift */,
				B100000000000000000CB12 /* SocialSignIn.swift */,
							7F0000000000000000000009 /* WatchAuthRelay.swift */,
);
			path = Authentication;
			sourceTree = "<group>";
		};
		7D000000000000000000005C /* Shared */ = {
			isa = PBXGroup;
			children = (
				7D000000000000000000005D /* Models */,
				7F0000000000000000000004 /* GrowthStage.swift */,
				B10000000000000000000013 /* CharacterAvatarView.swift */,
				7F0000000000000000000005 /* ThemePalette.swift */,
				7F0000000000000000000006 /* AppLanguage.swift */,
				7F0000000000000000000007 /* ServerEnvironment.swift */,
				7F0000000000000000000008 /* WatchAuthContext.swift */,
				B100000000000000000CB02 /* KeychainTokenStore.swift */,
				7D000000000000000000005E /* Resources */,
			);
			path = Shared;
			sourceTree = "<group>";
		};
		7D000000000000000000005D /* Models */ = {
			isa = PBXGroup;
			children = (
				B10000000000000000000005 /* CharacterResponse.swift */,
				7F0000000000000000000001 /* CharacterSummaryResponse.swift */,
				7F0000000000000000000002 /* CharacterSnapshot.swift */,
				7F0000000000000000000003 /* LevelProgress.swift */,
			);
			path = Models;
			sourceTree = "<group>";
		};
		7D000000000000000000005E /* Resources */ = {
			isa = PBXGroup;
			children = (
				7F0000000000000000000014 /* Shared.xcstrings */,
			);
			path = Resources;
			sourceTree = "<group>";
		};
		7D000000000000000000005F /* WellnessGameWatch */ = {
			isa = PBXGroup;
			children = (
				7F000000000000000000000A /* WellnessGameWatchApp.swift */,
				7D0000000000000000000060 /* Core */,
				7D0000000000000000000061 /* Views */,
				7D0000000000000000000062 /* Resources */,
							6F0000000000000000000501 /* WatchAppDelegate.swift */,
);
			path = WellnessGameWatch;
			sourceTree = "<group>";
		};
		7D0000000000000000000060 /* Core */ = {
			isa = PBXGroup;
			children = (
				7F000000000000000000000B /* WatchCredentialStore.swift */,
				7F000000000000000000000C /* WatchAPIClient.swift */,
				7F000000000000000000000D /* WatchAuthReceiver.swift */,
				7F000000000000000000000E /* WatchDashboardModel.swift */,
			);
			path = Core;
			sourceTree = "<group>";
		};
		7D0000000000000000000061 /* Views */ = {
			isa = PBXGroup;
			children = (
				7F000000000000000000000F /* WatchContentView.swift */,
				7F0000000000000000000010 /* WatchTheme.swift */,
			);
			path = Views;
			sourceTree = "<group>";
		};
		7D0000000000000000000062 /* Resources */ = {
			isa = PBXGroup;
			children = (
				7F0000000000000000000017 /* Info.plist */,
				7F0000000000000000000019 /* WellnessGameWatch.entitlements */,
				7F0000000000000000000015 /* Localizable.xcstrings */,
							6F0000000000000000000602 /* Info-Debug.plist */,
);
			path = Resources;
			sourceTree = "<group>";
		};
		7D0000000000000000000063 /* WellnessGameWatchWidgets */ = {
			isa = PBXGroup;
			children = (
				7F0000000000000000000011 /* WellnessGameWatchWidgets.swift */,
				7F0000000000000000000018 /* Info.plist */,
				7F000000000000000000001A /* WellnessGameWatchWidgets.entitlements */,
				7F0000000000000000000016 /* Localizable.xcstrings */,
							6F0000000000000000000503 /* LevelTimeline.swift */,
);
			path = WellnessGameWatchWidgets;
			sourceTree = "<group>";
		};
/* End PBXGroup section */

/* Begin PBXNativeTarget section */
		E10000000000000000000001 /* WellnessGame */ = {
			isa = PBXNativeTarget;
			buildConfigurationList = F10000000000000000000002 /* Build configuration list for PBXNativeTarget "WellnessGame" */;
			buildPhases = (
				C10000000000000000000002 /* Sources */,
				C10000000000000000000001 /* Frameworks */,
				C10000000000000000000003 /* Resources */,
							7E0000000000000000000028 /* Embed Watch Content */,
);
			buildRules = (
			);
			dependencies = (
							7C0000000000000000000066 /* PBXTargetDependency */,
);
			name = WellnessGame;
			packageProductDependencies = (
				H10000000000000000000001 /* GoogleSignIn */,
				H10000000000000000000002 /* KakaoSDKCommon */,
				H10000000000000000000003 /* KakaoSDKAuth */,
				H10000000000000000000004 /* KakaoSDKUser */,
				H10000000000000000000005 /* NidThirdPartyLogin */,
			);
			productName = WellnessGame;
			productReference = B1000000000000000000000E /* WellnessGame.app */;
			productType = "com.apple.product-type.application";
		};
		E20000000000000000000001 /* WellnessGameTests */ = {
			isa = PBXNativeTarget;
			buildConfigurationList = F20000000000000000000003 /* Build configuration list for PBXNativeTarget "WellnessGameTests" */;
			buildPhases = (
				C20000000000000000000001 /* Sources */,
				C20000000000000000000002 /* Frameworks */,
				C20000000000000000000003 /* Resources */,
			);
			buildRules = (
			);
			dependencies = (
			);
			name = WellnessGameTests;
			productName = WellnessGameTests;
			productReference = B20000000000000000000003 /* WellnessGameTests.xctest */;
			productType = "com.apple.product-type.bundle.unit-test";
		};
		7E000000000000000000001D /* WellnessGameWatch */ = {
			isa = PBXNativeTarget;
			buildConfigurationList = 7E0000000000000000000022 /* Build configuration list for PBXNativeTarget "WellnessGameWatch" */;
			buildPhases = (
				7E000000000000000000001E /* Sources */,
				7E0000000000000000000020 /* Frameworks */,
				7E000000000000000000001F /* Resources */,
				7E0000000000000000000021 /* Embed Foundation Extensions */,
			);
			buildRules = (
			);
			dependencies = (
				7C0000000000000000000067 /* PBXTargetDependency */,
			);
			name = WellnessGameWatch;
			productName = WellnessGameWatch;
			productReference = 7F000000000000000000001B /* WellnessGameWatch.app */;
			productType = "com.apple.product-type.application";
		};
		7E0000000000000000000023 /* WellnessGameWatchWidgets */ = {
			isa = PBXNativeTarget;
			buildConfigurationList = 7E0000000000000000000027 /* Build configuration list for PBXNativeTarget "WellnessGameWatchWidgets" */;
			buildPhases = (
				7E0000000000000000000024 /* Sources */,
				7E0000000000000000000026 /* Frameworks */,
				7E0000000000000000000025 /* Resources */,
			);
			buildRules = (
			);
			dependencies = (
			);
			name = WellnessGameWatchWidgets;
			productName = WellnessGameWatchWidgets;
			productReference = 7F000000000000000000001C /* WellnessGameWatchWidgets.appex */;
			productType = "com.apple.product-type.app-extension";
		};
/* End PBXNativeTarget section */

/* Begin PBXProject section */
		E10000000000000000000002 /* Project object */ = {
			isa = PBXProject;
			attributes = {
				BuildIndependentTargetsInParallel = 1;
				LastSwiftUpdateCheck = 1600;
				LastUpgradeCheck = 1600;
				TargetAttributes = {
					E10000000000000000000001 = {
						CreatedOnToolsVersion = 16.0;
					};
					7E000000000000000000001D = {
						CreatedOnToolsVersion = 26.5;
					};
					7E0000000000000000000023 = {
						CreatedOnToolsVersion = 26.5;
					};
				};
			};
			buildConfigurationList = F10000000000000000000001 /* Build configuration list for PBXProject "WellnessGame" */;
			compatibilityVersion = "Xcode 14.0";
			developmentRegion = en;
			hasScannedForEncodings = 0;
			knownRegions = (
				en,
				ko,
				Base,
			);
			mainGroup = D10000000000000000000001;
			packageReferences = (
				G10000000000000000000001 /* XCRemoteSwiftPackageReference "GoogleSignIn-iOS" */,
				G10000000000000000000002 /* XCRemoteSwiftPackageReference "kakao-ios-sdk" */,
				G10000000000000000000003 /* XCRemoteSwiftPackageReference "naveridlogin-sdk-ios-swift" */,
			);
			productRefGroup = D10000000000000000000009 /* Products */;
			projectDirPath = "";
			projectRoot = "";
			targets = (
				E10000000000000000000001 /* WellnessGame */,
				E20000000000000000000001 /* WellnessGameTests */,
							7E000000000000000000001D /* WellnessGameWatch */,
				7E0000000000000000000023 /* WellnessGameWatchWidgets */,
);
		};
/* End PBXProject section */

/* Begin PBXResourcesBuildPhase section */
		C10000000000000000000003 /* Resources */ = {
			isa = PBXResourcesBuildPhase;
			buildActionMask = 2147483647;
			files = (
				A100000000000000000CA03 /* Localizable.xcstrings in Resources */,
				A100000000000000000CA04 /* InfoPlist.xcstrings in Resources */,
							7B0000000000000000000030 /* res */,
);
			runOnlyForDeploymentPostprocessing = 0;
		};
		C20000000000000000000003 /* Resources */ = {
			isa = PBXResourcesBuildPhase;
			buildActionMask = 2147483647;
			files = (
				A200000000000000000CA05 /* Localizable.xcstrings in Resources */,
							7B000000000000000000003E /* res */,
);
			runOnlyForDeploymentPostprocessing = 0;
		};
		7E000000000000000000001F /* Resources */ = {
			isa = PBXResourcesBuildPhase;
			buildActionMask = 2147483647;
			files = (
				7B0000000000000000000051 /* res */,
				7B0000000000000000000052 /* res */,
			);
			runOnlyForDeploymentPostprocessing = 0;
		};
		7E0000000000000000000025 /* Resources */ = {
			isa = PBXResourcesBuildPhase;
			buildActionMask = 2147483647;
			files = (
				7B0000000000000000000058 /* res */,
				7B0000000000000000000059 /* res */,
			);
			runOnlyForDeploymentPostprocessing = 0;
		};
/* End PBXResourcesBuildPhase section */

/* Begin PBXSourcesBuildPhase section */
		C10000000000000000000002 /* Sources */ = {
			isa = PBXSourcesBuildPhase;
			buildActionMask = 2147483647;
			files = (
				A10000000000000000000001 /* WellnessGameApp.swift in Sources */,
				A10000000000000000000002 /* ContentView.swift in Sources */,
				A10000000000000000000003 /* DashboardViewModel.swift in Sources */,
				A10000000000000000000004 /* HealthActivityDTO.swift in Sources */,
				A10000000000000000000005 /* CharacterResponse.swift in Sources */,
				A10000000000000000000006 /* HealthDataProvider.swift in Sources */,
				A10000000000000000000007 /* HealthKitManager.swift in Sources */,
				A10000000000000000000008 /* AppleHealthKitProvider.swift in Sources */,
				A10000000000000000000009 /* MockHealthDataProvider.swift in Sources */,
				A1000000000000000000000A /* NetworkClient.swift in Sources */,
				A1000000000000000000000C /* UserSession.swift in Sources */,
				A1000000000000000000000D /* SocialLoginService.swift in Sources */,
				A100000000000000000CA01 /* CredentialAuthService.swift in Sources */,
				A100000000000000000CA11 /* LoginProviderPolicy.swift in Sources */,
				A100000000000000000CA12 /* SocialSignIn.swift in Sources */,
				A100000000000000000CA02 /* KeychainTokenStore.swift in Sources */,
				A10000000000000000000013 /* Theme.swift in Sources */,
				A10000000000000000000014 /* Components.swift in Sources */,
				A10000000000000000000015 /* CharacterAvatarView.swift in Sources */,
				A10000000000000000000016 /* AutoSyncPolicy.swift in Sources */,
				A10000000000000000000017 /* LoginSheetView.swift in Sources */,
							7B0000000000000000000029 /* src */,
				7B000000000000000000002A /* src */,
				7B000000000000000000002B /* src */,
				7B000000000000000000002C /* src */,
				7B000000000000000000002D /* src */,
				7B000000000000000000002E /* src */,
				7B000000000000000000002F /* src */,
);
			runOnlyForDeploymentPostprocessing = 0;
		};
		C20000000000000000000001 /* Sources */ = {
			isa = PBXSourcesBuildPhase;
			buildActionMask = 2147483647;
			files = (
				A20000000000000000000001 /* DisplayLogicTests.swift in Sources */,
				A20000000000000000000002 /* ThemeColorTests.swift in Sources */,
				A20000000000000000000008 /* GrowthStageTests.swift in Sources */,
				A20000000000000000000009 /* AutoSyncPolicyTests.swift in Sources */,
				A20000000000000000000003 /* Theme.swift in Sources */,
				A20000000000000000000004 /* Components.swift in Sources */,
				A20000000000000000000007 /* CharacterAvatarView.swift in Sources */,
				A2000000000000000000000A /* AutoSyncPolicy.swift in Sources */,
				A20000000000000000000005 /* HealthActivityDTO.swift in Sources */,
				A20000000000000000000006 /* CharacterResponse.swift in Sources */,
				A2000000000000000000000B /* NetworkClient.swift in Sources */,
				A2000000000000000000000C /* KeychainTokenStore.swift in Sources */,
				A2000000000000000000000D /* UserSession.swift in Sources */,
				A2000000000000000000000E /* CredentialAuthService.swift in Sources */,
				A2000000000000000000000F /* DashboardViewModel.swift in Sources */,
				A20000000000000000000010 /* HealthDataProvider.swift in Sources */,
				A20000000000000000000011 /* MockHealthDataProvider.swift in Sources */,
				A20000000000000000000012 /* AppleHealthKitProvider.swift in Sources */,
				A20000000000000000000013 /* HealthKitManager.swift in Sources */,
				A20000000000000000000014 /* AuthNetworkingTests.swift in Sources */,
				A20000000000000000000015 /* LocalizationTests.swift in Sources */,
				A200000000000000000CA13 /* SocialLoginTests.swift in Sources */,
				A200000000000000000CA11 /* LoginProviderPolicy.swift in Sources */,
				A200000000000000000CA12 /* SocialSignIn.swift in Sources */,
							7B0000000000000000000031 /* src */,
				7B0000000000000000000032 /* src */,
				7B0000000000000000000033 /* src */,
				7B0000000000000000000034 /* src */,
				7B0000000000000000000035 /* src */,
				7B0000000000000000000036 /* src */,
				7B0000000000000000000037 /* src */,
				7B0000000000000000000038 /* src */,
				7B0000000000000000000039 /* src */,
				7B000000000000000000003A /* src */,
				7B000000000000000000003B /* src */,
				7B000000000000000000003C /* src */,
				7B000000000000000000003D /* src */,
				6B0000000000000000000505 /* LevelTimeline.swift in Sources */,
				6B0000000000000000000507 /* SharedConfigurationTests.swift in Sources */,
				6B0000000000000000000509 /* WatchDashboardModelTests.swift in Sources */,
				6B000000000000000000050A /* WatchDashboardModel.swift in Sources */,
);
			runOnlyForDeploymentPostprocessing = 0;
		};
		7E000000000000000000001E /* Sources */ = {
			isa = PBXSourcesBuildPhase;
			buildActionMask = 2147483647;
			files = (
				7B000000000000000000003F /* src */,
				7B0000000000000000000040 /* src */,
				7B0000000000000000000041 /* src */,
				7B0000000000000000000042 /* src */,
				7B0000000000000000000043 /* src */,
				7B0000000000000000000044 /* src */,
				7B0000000000000000000045 /* src */,
				7B0000000000000000000046 /* src */,
				7B0000000000000000000047 /* src */,
				7B0000000000000000000048 /* src */,
				7B0000000000000000000049 /* src */,
				7B000000000000000000004A /* src */,
				7B000000000000000000004B /* src */,
				7B000000000000000000004C /* src */,
				7B000000000000000000004D /* src */,
				7B000000000000000000004E /* src */,
				7B000000000000000000004F /* src */,
				7B0000000000000000000050 /* src */,
							6B0000000000000000000502 /* WatchAppDelegate.swift in Sources */,
);
			runOnlyForDeploymentPostprocessing = 0;
		};
		7E0000000000000000000024 /* Sources */ = {
			isa = PBXSourcesBuildPhase;
			buildActionMask = 2147483647;
			files = (
				7B0000000000000000000053 /* src */,
				7B0000000000000000000054 /* src */,
				7B0000000000000000000055 /* src */,
				7B0000000000000000000056 /* src */,
				7B0000000000000000000057 /* src */,
							6B0000000000000000000504 /* LevelTimeline.swift in Sources */,
);
			runOnlyForDeploymentPostprocessing = 0;
		};
/* End PBXSourcesBuildPhase section */

/* Begin PBXTargetDependency section */
		7C0000000000000000000066 /* PBXTargetDependency */ = {
			isa = PBXTargetDependency;
			target = 7E000000000000000000001D /* WellnessGameWatch */;
			targetProxy = 7C0000000000000000000064 /* PBXContainerItemProxy */;
		};
		7C0000000000000000000067 /* PBXTargetDependency */ = {
			isa = PBXTargetDependency;
			target = 7E0000000000000000000023 /* WellnessGameWatchWidgets */;
			targetProxy = 7C0000000000000000000065 /* PBXContainerItemProxy */;
		};
/* End PBXTargetDependency section */

/* Begin XCBuildConfiguration section */
		F10000000000000000000003 /* Debug */ = {
			isa = XCBuildConfiguration;
			buildSettings = {
				ALWAYS_SEARCH_USER_PATHS = NO;
				CLANG_ENABLE_MODULES = YES;
				CLANG_ENABLE_OBJC_ARC = YES;
				CLANG_WARN_BOOL_CONVERSION = YES;
				CLANG_WARN_CONSTANT_CONVERSION = YES;
				CLANG_WARN_DOCUMENTATION_COMMENTS = YES;
				CLANG_WARN_EMPTY_BODY = YES;
				CLANG_WARN_ENUM_CONVERSION = YES;
				CLANG_WARN_INFINITE_RECURSION = YES;
				CLANG_WARN_INT_CONVERSION = YES;
				CLANG_WARN_SUSPICIOUS_MOVE = YES;
				COPY_PHASE_STRIP = NO;
				DEBUG_INFORMATION_FORMAT = dwarf;
				ENABLE_TESTABILITY = YES;
				GCC_C_LANGUAGE_STANDARD = gnu17;
				GCC_OPTIMIZATION_LEVEL = 0;
				GCC_PREPROCESSOR_DEFINITIONS = (
					"DEBUG=1",
					"$(inherited)",
				);
				IPHONEOS_DEPLOYMENT_TARGET = 17.0;
				MTL_ENABLE_DEBUG_INFO = INCLUDE_SOURCE;
				ONLY_ACTIVE_ARCH = YES;
				SDKROOT = iphoneos;
				SWIFT_ACTIVE_COMPILATION_CONDITIONS = "DEBUG $(inherited)";
				SWIFT_OPTIMIZATION_LEVEL = "-Onone";
				SWIFT_VERSION = 5.0;
			};
			name = Debug;
		};
		F10000000000000000000004 /* Release */ = {
			isa = XCBuildConfiguration;
			buildSettings = {
				ALWAYS_SEARCH_USER_PATHS = NO;
				CLANG_ENABLE_MODULES = YES;
				CLANG_ENABLE_OBJC_ARC = YES;
				CLANG_WARN_BOOL_CONVERSION = YES;
				CLANG_WARN_CONSTANT_CONVERSION = YES;
				CLANG_WARN_DOCUMENTATION_COMMENTS = YES;
				CLANG_WARN_EMPTY_BODY = YES;
				CLANG_WARN_ENUM_CONVERSION = YES;
				CLANG_WARN_INFINITE_RECURSION = YES;
				CLANG_WARN_INT_CONVERSION = YES;
				CLANG_WARN_SUSPICIOUS_MOVE = YES;
				COPY_PHASE_STRIP = NO;
				DEBUG_INFORMATION_FORMAT = "dwarf-with-dsym";
				ENABLE_NS_ASSERTIONS = NO;
				GCC_C_LANGUAGE_STANDARD = gnu17;
				IPHONEOS_DEPLOYMENT_TARGET = 17.0;
				MTL_ENABLE_DEBUG_INFO = NO;
				SDKROOT = iphoneos;
				SWIFT_COMPILATION_MODE = wholemodule;
				SWIFT_OPTIMIZATION_LEVEL = "-O";
				SWIFT_VERSION = 5.0;
				VALIDATE_PRODUCT = YES;
			};
			name = Release;
		};
		F10000000000000000000005 /* Debug */ = {
			isa = XCBuildConfiguration;
			buildSettings = {
				CODE_SIGN_ENTITLEMENTS = WellnessGame/Resources/WellnessGame.entitlements;
				CODE_SIGN_STYLE = Automatic;
				CURRENT_PROJECT_VERSION = 1;
				DEVELOPMENT_TEAM = "";
				GENERATE_INFOPLIST_FILE = NO;
				INFOPLIST_FILE = WellnessGame/Resources/Info-Debug.plist;
				IPHONEOS_DEPLOYMENT_TARGET = 17.0;
				GOOGLE_CLIENT_ID = REPLACE_WITH_GOOGLE_IOS_CLIENT_ID;
				GOOGLE_REVERSED_CLIENT_ID = REPLACE_WITH_REVERSED_GOOGLE_IOS_CLIENT_ID;
				KAKAO_NATIVE_APP_KEY = REPLACE_WITH_KAKAO_NATIVE_APP_KEY;
				NAVER_APP_NAME = "Wellness Game";
				NAVER_CLIENT_ID = REPLACE_WITH_NAVER_CLIENT_ID;
				NAVER_CLIENT_SECRET = REPLACE_WITH_NAVER_CLIENT_SECRET;
				NAVER_URL_SCHEME = REPLACE_WITH_NAVER_URL_SCHEME;
				LD_RUNPATH_SEARCH_PATHS = (
					"$(inherited)",
					"@executable_path/Frameworks",
				);
				MARKETING_VERSION = 1.0;
				PRODUCT_BUNDLE_IDENTIFIER = com.example.WellnessGame;
				PRODUCT_NAME = "$(TARGET_NAME)";
				SUPPORTED_PLATFORMS = "iphoneos iphonesimulator";
				SUPPORTS_MACCATALYST = NO;
				SWIFT_EMIT_LOC_STRINGS = YES;
				SWIFT_VERSION = 5.0;
				TARGETED_DEVICE_FAMILY = 1;
				API_BASE_URL = "http://127.0.0.1:8080";
			};
			name = Debug;
		};
		F10000000000000000000006 /* Release */ = {
			isa = XCBuildConfiguration;
			buildSettings = {
				CODE_SIGN_ENTITLEMENTS = WellnessGame/Resources/WellnessGame.entitlements;
				CODE_SIGN_STYLE = Automatic;
				CURRENT_PROJECT_VERSION = 1;
				DEVELOPMENT_TEAM = "";
				GENERATE_INFOPLIST_FILE = NO;
				INFOPLIST_FILE = WellnessGame/Resources/Info.plist;
				IPHONEOS_DEPLOYMENT_TARGET = 17.0;
				GOOGLE_CLIENT_ID = REPLACE_WITH_GOOGLE_IOS_CLIENT_ID;
				GOOGLE_REVERSED_CLIENT_ID = REPLACE_WITH_REVERSED_GOOGLE_IOS_CLIENT_ID;
				KAKAO_NATIVE_APP_KEY = REPLACE_WITH_KAKAO_NATIVE_APP_KEY;
				NAVER_APP_NAME = "Wellness Game";
				NAVER_CLIENT_ID = REPLACE_WITH_NAVER_CLIENT_ID;
				NAVER_CLIENT_SECRET = REPLACE_WITH_NAVER_CLIENT_SECRET;
				NAVER_URL_SCHEME = REPLACE_WITH_NAVER_URL_SCHEME;
				LD_RUNPATH_SEARCH_PATHS = (
					"$(inherited)",
					"@executable_path/Frameworks",
				);
				MARKETING_VERSION = 1.0;
				PRODUCT_BUNDLE_IDENTIFIER = com.example.WellnessGame;
				PRODUCT_NAME = "$(TARGET_NAME)";
				SUPPORTED_PLATFORMS = "iphoneos iphonesimulator";
				SUPPORTS_MACCATALYST = NO;
				SWIFT_EMIT_LOC_STRINGS = YES;
				SWIFT_VERSION = 5.0;
				TARGETED_DEVICE_FAMILY = 1;
				API_BASE_URL = "https://api.wellnessgame.example";
			};
			name = Release;
		};
		F20000000000000000000001 /* Debug */ = {
			isa = XCBuildConfiguration;
			buildSettings = {
				CODE_SIGN_STYLE = Automatic;
				CURRENT_PROJECT_VERSION = 1;
				DEVELOPMENT_TEAM = "";
				GENERATE_INFOPLIST_FILE = YES;
				IPHONEOS_DEPLOYMENT_TARGET = 17.0;
				MARKETING_VERSION = 1.0;
				PRODUCT_BUNDLE_IDENTIFIER = com.example.WellnessGameTests;
				PRODUCT_NAME = "$(TARGET_NAME)";
				SUPPORTED_PLATFORMS = "iphoneos iphonesimulator";
				SWIFT_EMIT_LOC_STRINGS = NO;
				SWIFT_VERSION = 5.0;
				TARGETED_DEVICE_FAMILY = 1;
			};
			name = Debug;
		};
		F20000000000000000000002 /* Release */ = {
			isa = XCBuildConfiguration;
			buildSettings = {
				CODE_SIGN_STYLE = Automatic;
				CURRENT_PROJECT_VERSION = 1;
				DEVELOPMENT_TEAM = "";
				GENERATE_INFOPLIST_FILE = YES;
				IPHONEOS_DEPLOYMENT_TARGET = 17.0;
				MARKETING_VERSION = 1.0;
				PRODUCT_BUNDLE_IDENTIFIER = com.example.WellnessGameTests;
				PRODUCT_NAME = "$(TARGET_NAME)";
				SUPPORTED_PLATFORMS = "iphoneos iphonesimulator";
				SWIFT_EMIT_LOC_STRINGS = NO;
				SWIFT_VERSION = 5.0;
				TARGETED_DEVICE_FAMILY = 1;
			};
			name = Release;
		};
		7A0000000000000000000068 /* Debug */ = {
			isa = XCBuildConfiguration;
			buildSettings = {
				CODE_SIGN_ENTITLEMENTS = WellnessGameWatch/Resources/WellnessGameWatch.entitlements;
				CODE_SIGN_STYLE = Automatic;
				CURRENT_PROJECT_VERSION = 1;
				DEVELOPMENT_TEAM = "";
				GENERATE_INFOPLIST_FILE = YES;
				INFOPLIST_FILE = WellnessGameWatch/Resources/Info-Debug.plist;
				LD_RUNPATH_SEARCH_PATHS = (
					"$(inherited)",
					"@executable_path/Frameworks",
				);
				MARKETING_VERSION = 1.0;
				PRODUCT_BUNDLE_IDENTIFIER = com.example.WellnessGame.watchkitapp;
				PRODUCT_NAME = "$(TARGET_NAME)";
				SDKROOT = watchos;
				SKIP_INSTALL = YES;
				SUPPORTED_PLATFORMS = "watchos watchsimulator";
				SWIFT_EMIT_LOC_STRINGS = YES;
				SWIFT_VERSION = 5.0;
				TARGETED_DEVICE_FAMILY = 4;
				WATCHOS_DEPLOYMENT_TARGET = 10.0;
				API_BASE_URL = "http://127.0.0.1:8080";
			};
			name = Debug;
		};
		7A0000000000000000000069 /* Release */ = {
			isa = XCBuildConfiguration;
			buildSettings = {
				CODE_SIGN_ENTITLEMENTS = WellnessGameWatch/Resources/WellnessGameWatch.entitlements;
				CODE_SIGN_STYLE = Automatic;
				CURRENT_PROJECT_VERSION = 1;
				DEVELOPMENT_TEAM = "";
				GENERATE_INFOPLIST_FILE = YES;
				INFOPLIST_FILE = WellnessGameWatch/Resources/Info.plist;
				LD_RUNPATH_SEARCH_PATHS = (
					"$(inherited)",
					"@executable_path/Frameworks",
				);
				MARKETING_VERSION = 1.0;
				PRODUCT_BUNDLE_IDENTIFIER = com.example.WellnessGame.watchkitapp;
				PRODUCT_NAME = "$(TARGET_NAME)";
				SDKROOT = watchos;
				SKIP_INSTALL = YES;
				SUPPORTED_PLATFORMS = "watchos watchsimulator";
				SWIFT_EMIT_LOC_STRINGS = YES;
				SWIFT_VERSION = 5.0;
				TARGETED_DEVICE_FAMILY = 4;
				WATCHOS_DEPLOYMENT_TARGET = 10.0;
				API_BASE_URL = "https://api.wellnessgame.example";
			};
			name = Release;
		};
		7A000000000000000000006A /* Debug */ = {
			isa = XCBuildConfiguration;
			buildSettings = {
				APPLICATION_EXTENSION_API_ONLY = YES;
				CODE_SIGN_ENTITLEMENTS = WellnessGameWatchWidgets/WellnessGameWatchWidgets.entitlements;
				CODE_SIGN_STYLE = Automatic;
				CURRENT_PROJECT_VERSION = 1;
				DEVELOPMENT_TEAM = "";
				GENERATE_INFOPLIST_FILE = YES;
				INFOPLIST_FILE = WellnessGameWatchWidgets/Info.plist;
				INFOPLIST_KEY_CFBundleDisplayName = "Wellness Game";
				LD_RUNPATH_SEARCH_PATHS = (
					"$(inherited)",
					"@executable_path/Frameworks",
					"@executable_path/../../Frameworks",
				);
				MARKETING_VERSION = 1.0;
				PRODUCT_BUNDLE_IDENTIFIER = com.example.WellnessGame.watchkitapp.complications;
				PRODUCT_NAME = "$(TARGET_NAME)";
				SDKROOT = watchos;
				SKIP_INSTALL = YES;
				SUPPORTED_PLATFORMS = "watchos watchsimulator";
				SWIFT_EMIT_LOC_STRINGS = YES;
				SWIFT_VERSION = 5.0;
				TARGETED_DEVICE_FAMILY = 4;
				WATCHOS_DEPLOYMENT_TARGET = 10.0;
			};
			name = Debug;
		};
		7A000000000000000000006B /* Release */ = {
			isa = XCBuildConfiguration;
			buildSettings = {
				APPLICATION_EXTENSION_API_ONLY = YES;
				CODE_SIGN_ENTITLEMENTS = WellnessGameWatchWidgets/WellnessGameWatchWidgets.entitlements;
				CODE_SIGN_STYLE = Automatic;
				CURRENT_PROJECT_VERSION = 1;
				DEVELOPMENT_TEAM = "";
				GENERATE_INFOPLIST_FILE = YES;
				INFOPLIST_FILE = WellnessGameWatchWidgets/Info.plist;
				INFOPLIST_KEY_CFBundleDisplayName = "Wellness Game";
				LD_RUNPATH_SEARCH_PATHS = (
					"$(inherited)",
					"@executable_path/Frameworks",
					"@executable_path/../../Frameworks",
				);
				MARKETING_VERSION = 1.0;
				PRODUCT_BUNDLE_IDENTIFIER = com.example.WellnessGame.watchkitapp.complications;
				PRODUCT_NAME = "$(TARGET_NAME)";
				SDKROOT = watchos;
				SKIP_INSTALL = YES;
				SUPPORTED_PLATFORMS = "watchos watchsimulator";
				SWIFT_EMIT_LOC_STRINGS = YES;
				SWIFT_VERSION = 5.0;
				TARGETED_DEVICE_FAMILY = 4;
				WATCHOS_DEPLOYMENT_TARGET = 10.0;
			};
			name = Release;
		};
/* End XCBuildConfiguration section */

/* Begin XCConfigurationList section */
		F10000000000000000000001 /* Build configuration list for PBXProject "WellnessGame" */ = {
			isa = XCConfigurationList;
			buildConfigurations = (
				F10000000000000000000003 /* Debug */,
				F10000000000000000000004 /* Release */,
			);
			defaultConfigurationIsVisible = 0;
			defaultConfigurationName = Release;
		};
		F10000000000000000000002 /* Build configuration list for PBXNativeTarget "WellnessGame" */ = {
			isa = XCConfigurationList;
			buildConfigurations = (
				F10000000000000000000005 /* Debug */,
				F10000000000000000000006 /* Release */,
			);
			defaultConfigurationIsVisible = 0;
			defaultConfigurationName = Release;
		};
	F20000000000000000000003 /* Build configuration list for PBXNativeTarget "WellnessGameTests" */ = {
			isa = XCConfigurationList;
			buildConfigurations = (
				F20000000000000000000001 /* Debug */,
				F20000000000000000000002 /* Release */,
			);
			defaultConfigurationIsVisible = 0;
			defaultConfigurationName = Release;
		};
		7E0000000000000000000022 /* Build configuration list for PBXNativeTarget "WellnessGameWatch" */ = {
			isa = XCConfigurationList;
			buildConfigurations = (
				7A0000000000000000000068 /* Debug */,
				7A0000000000000000000069 /* Release */,
			);
			defaultConfigurationIsVisible = 0;
			defaultConfigurationName = Release;
		};
		7E0000000000000000000027 /* Build configuration list for PBXNativeTarget "WellnessGameWatchWidgets" */ = {
			isa = XCConfigurationList;
			buildConfigurations = (
				7A000000000000000000006A /* Debug */,
				7A000000000000000000006B /* Release */,
			);
			defaultConfigurationIsVisible = 0;
			defaultConfigurationName = Release;
		};
/* End XCConfigurationList section */

/* Begin XCRemoteSwiftPackageReference section */
		G10000000000000000000001 /* XCRemoteSwiftPackageReference "GoogleSignIn-iOS" */ = {
			isa = XCRemoteSwiftPackageReference;
			repositoryURL = "https://github.com/google/GoogleSignIn-iOS";
			requirement = {
				kind = upToNextMajorVersion;
				minimumVersion = 9.2.0;
			};
		};
		G10000000000000000000002 /* XCRemoteSwiftPackageReference "kakao-ios-sdk" */ = {
			isa = XCRemoteSwiftPackageReference;
			repositoryURL = "https://github.com/kakao/kakao-ios-sdk";
			requirement = {
				kind = upToNextMajorVersion;
				minimumVersion = 2.28.0;
			};
		};
		G10000000000000000000003 /* XCRemoteSwiftPackageReference "naveridlogin-sdk-ios-swift" */ = {
			isa = XCRemoteSwiftPackageReference;
			repositoryURL = "https://github.com/naver/naveridlogin-sdk-ios-swift";
			requirement = {
				kind = upToNextMajorVersion;
				minimumVersion = 5.1.0;
			};
		};
/* End XCRemoteSwiftPackageReference section */

/* Begin XCSwiftPackageProductDependency section */
		H10000000000000000000001 /* GoogleSignIn */ = {
			isa = XCSwiftPackageProductDependency;
			package = G10000000000000000000001 /* XCRemoteSwiftPackageReference "GoogleSignIn-iOS" */;
			productName = GoogleSignIn;
		};
		H10000000000000000000002 /* KakaoSDKCommon */ = {
			isa = XCSwiftPackageProductDependency;
			package = G10000000000000000000002 /* XCRemoteSwiftPackageReference "kakao-ios-sdk" */;
			productName = KakaoSDKCommon;
		};
		H10000000000000000000003 /* KakaoSDKAuth */ = {
			isa = XCSwiftPackageProductDependency;
			package = G10000000000000000000002 /* XCRemoteSwiftPackageReference "kakao-ios-sdk" */;
			productName = KakaoSDKAuth;
		};
		H10000000000000000000004 /* KakaoSDKUser */ = {
			isa = XCSwiftPackageProductDependency;
			package = G10000000000000000000002 /* XCRemoteSwiftPackageReference "kakao-ios-sdk" */;
			productName = KakaoSDKUser;
		};
		H10000000000000000000005 /* NidThirdPartyLogin */ = {
			isa = XCSwiftPackageProductDependency;
			package = G10000000000000000000003 /* XCRemoteSwiftPackageReference "naveridlogin-sdk-ios-swift" */;
			productName = NidThirdPartyLogin;
		};
/* End XCSwiftPackageProductDependency section */
	};
	rootObject = E10000000000000000000002 /* Project object */;
}
